
Microsoft Visual Studio Solution File, Format Version 12.00
# Visual Studio Version 16
VisualStudioVersion = 16.0.31313.79
MinimumVisualStudioVersion = 10.0.40219.1
Project("{FAE04EC0-301F-11D3-BF4B-00C04F79EFBC}") = "Extension_Method", "Extension_Method\Extension_Method.csproj", "{EC9D6FE0-49C0-4BF2-AA5D-20CFB0A34488}"
EndProject
Global
	GlobalSection(SolutionConfigurationPlatforms) = preSolution
		Debug|Any CPU = Debug|Any CPU
		Release|Any CPU = Release|Any CPU
	EndGlobalSection
	GlobalSection(ProjectConfigurationPlatforms) = postSolution
		{EC9D6FE0-49C0-4BF2-AA5D-20CFB0A34488}.Debug|Any CPU.ActiveCfg = Debug|Any CPU
		{EC9D6FE0-49C0-4BF2-AA5D-20CFB0A34488}.Debug|Any CPU.Build.0 = Debug|Any CPU
		{EC9D6FE0-49C0-4BF2-AA5D-20CFB0A34488}.Release|Any CPU.ActiveCfg = Release|Any CPU
		{EC9D6FE0-49C0-4BF2-AA5D-20CFB0A34488}.Release|Any CPU.Build.0 = Release|Any CPU
	EndGlobalSection
	GlobalSection(SolutionProperties) = preSolution
		HideSolutionNode = FALSE
	EndGlobalSection
	GlobalSection(ExtensibilityGlobals) = postSolution
		SolutionGuid = {E5C3E090-02FE-4308-9513-E7726E5AA573}
	EndGlobalSection
EndGlobal
